<?xml version="1.0" encoding="utf-8"?>
<Project ToolsVersion="4.0" xmlns="http://schemas.microsoft.com/developer/msbuild/2003">
  <ItemGroup>
    <Filter Include="Archivos de origen">
      <UniqueIdentifier>{4FC737F1-C7A5-4376-A066-2A32D752A2FF}</UniqueIdentifier>
      <Extensions>cpp;c;cc;cxx;c++;cppm;ixx;def;odl;idl;hpj;bat;asm;asmx</Extensions>
    </Filter>
    <Filter Include="Archivos de encabezado">
      <UniqueIdentifier>{93995380-89BD-4b04-88EB-625FBE52EBFB}</UniqueIdentifier>
      <Extensions>h;hh;hpp;hxx;h++;hm;inl;inc;ipp;xsd</Extensions>
    </Filter>
    <Filter Include="Archivos de recursos">
      <UniqueIdentifier>{67DA6AB6-F800-4c08-8B7A-83BB121AAD01}</UniqueIdentifier>
      <Extensions>rc;ico;cur;bmp;dlg;rc2;rct;bin;rgs;gif;jpg;jpeg;jpe;resx;tiff;tif;png;wav;mfcribbon-ms</Extensions>
    </Filter>
    <Filter Include="Archivos de encabezado\ProgrammingPatterns">
      <UniqueIdentifier>{69fe6249-e4df-4201-9616-5932cadd7002}</UniqueIdentifier>
    </Filter>
    <Filter Include="Archivos de encabezado\ProgrammingPatterns\AbstractFactory">
      <UniqueIdentifier>{222c3b6c-07a5-4ca3-b3a1-81f7a60f32b6}</UniqueIdentifier>
    </Filter>
    <Filter Include="Archivos de origen\ProgrammingParentton">
      <UniqueIdentifier>{411a9f78-b4e8-4516-a95f-6794ca4e2617}</UniqueIdentifier>
    </Filter>
    <Filter Include="Archivos de origen\ProgrammingParentton\AbstractFactory">
      <UniqueIdentifier>{547a660c-c984-4d0d-a73a-a98de0134834}</UniqueIdentifier>
    </Filter>
    <Filter Include="Archivos de encabezado\ProgrammingPatterns\Builder">
      <UniqueIdentifier>{238e508c-0dca-44fd-beae-6b013971995b}</UniqueIdentifier>
    </Filter>
    <Filter Include="Archivos de origen\ProgrammingParentton\Builder">
      <UniqueIdentifier>{12fd3f0f-c66e-49d5-8c68-b747e79b685f}</UniqueIdentifier>
    </Filter>
    <Filter Include="Archivos de encabezado\ProgrammingPatterns\Prototype">
      <UniqueIdentifier>{34973ffa-6e7c-4ad6-a5df-4cbd159d535d}</UniqueIdentifier>
    </Filter>
    <Filter Include="Archivos de encabezado\ProgrammingPatterns\Adapter">
      <UniqueIdentifier>{773140d0-a79b-46af-aa18-395522d2eb75}</UniqueIdentifier>
    </Filter>
    <Filter Include="Archivos de encabezado\ProgrammingPatterns\Decorator">
      <UniqueIdentifier>{d895b925-782d-4753-a19a-68dd804c633e}</UniqueIdentifier>
    </Filter>
    <Filter Include="Archivos de encabezado\ProgrammingPatterns\Composite">
      <UniqueIdentifier>{a4447a74-a433-4fde-ae8a-34538699fa5a}</UniqueIdentifier>
    </Filter>
    <Filter Include="Archivos de encabezado\ProgrammingPatterns\Proxy">
      <UniqueIdentifier>{a2f95007-d1c5-436f-8a97-71a5e5073b88}</UniqueIdentifier>
    </Filter>
    <Filter Include="Archivos de encabezado\GameProgrammingParentton">
      <UniqueIdentifier>{ec454b82-eda2-4d25-bca1-596cc7c49d24}</UniqueIdentifier>
    </Filter>
    <Filter Include="Archivos de encabezado\GameProgrammingParentton\Observer">
      <UniqueIdentifier>{e5fe5837-940f-41ff-a38f-367a86da0108}</UniqueIdentifier>
    </Filter>
  </ItemGroup>
  <ItemGroup>
    <ClCompile Include="source\main2.cpp">
      <Filter>Archivos de origen</Filter>
    </ClCompile>
    <ClCompile Include="source\ProgrammingParentton\AbstractFactory\ProductoA1.cpp">
      <Filter>Archivos de origen\ProgrammingParentton\AbstractFactory</Filter>
    </ClCompile>
    <ClCompile Include="source\ProgrammingParentton\AbstractFactory\ProductoB1.cpp">
      <Filter>Archivos de origen\ProgrammingParentton</Filter>
    </ClCompile>
    <ClCompile Include="source\ProgrammingParentton\Builder\BuilderConcreto.cpp">
      <Filter>Archivos de origen\ProgrammingParentton\Builder</Filter>
    </ClCompile>
    <ClCompile Include="source\ProgrammingParentton\Builder\ConstructorPizzaHauwaiana.cpp">
      <Filter>Archivos de origen\ProgrammingParentton\Builder</Filter>
    </ClCompile>
    <ClCompile Include="source\ProgrammingParentton\Builder\ConstructorPizzaVegetariana.cpp">
      <Filter>Archivos de origen\ProgrammingParentton\Builder</Filter>
    </ClCompile>
  </ItemGroup>
  <ItemGroup>
    <ClInclude Include="include\Prerequisites.h">
      <Filter>Archivos de encabezado</Filter>
    </ClInclude>
    <ClInclude Include="include\Item.h">
      <Filter>Archivos de encabezado</Filter>
    </ClInclude>
    <ClInclude Include="include\Inventoryr.h">
      <Filter>Archivos de encabezado</Filter>
    </ClInclude>
    <ClInclude Include="include\rectangulo.h">
      <Filter>Archivos de encabezado</Filter>
    </ClInclude>
    <ClInclude Include="include\Circulo.h">
      <Filter>Archivos de encabezado</Filter>
    </ClInclude>
    <ClInclude Include="include\Estudiante.h">
      <Filter>Archivos de encabezado</Filter>
    </ClInclude>
    <ClInclude Include="include\CuentaBancaria.h">
      <Filter>Archivos de encabezado</Filter>
    </ClInclude>
    <ClInclude Include="include\UsuarioBanco.h">
      <Filter>Archivos de encabezado</Filter>
    </ClInclude>
    <ClInclude Include="include\Banco.h">
      <Filter>Archivos de encabezado</Filter>
    </ClInclude>
    <ClInclude Include="include\Productos.h">
      <Filter>Archivos de encabezado</Filter>
    </ClInclude>
    <ClInclude Include="include\ProgrammingParentton\MiSingleton.h">
      <Filter>Archivos de encabezado\ProgrammingPatterns</Filter>
    </ClInclude>
    <ClInclude Include="include\ProgrammingParentton\RegistroActividad.h">
      <Filter>Archivos de encabezado\ProgrammingPatterns</Filter>
    </ClInclude>
    <ClInclude Include="include\ProgrammingParentton\FactoryMethod.h">
      <Filter>Archivos de encabezado\ProgrammingPatterns</Filter>
    </ClInclude>
    <ClInclude Include="include\ProgrammingParentton\Vehiculo.h">
      <Filter>Archivos de encabezado\ProgrammingPatterns</Filter>
    </ClInclude>
    <ClInclude Include="include\ProgrammingParentton\AbstractFactory\ProductoA.h">
      <Filter>Archivos de encabezado\ProgrammingPatterns\AbstractFactory</Filter>
    </ClInclude>
    <ClInclude Include="include\ProgrammingParentton\AbstractFactory\ProductoB.h">
      <Filter>Archivos de encabezado\ProgrammingPatterns\AbstractFactory</Filter>
    </ClInclude>
    <ClInclude Include="include\ProgrammingParentton\AbstractFactory\fabricaAbstracta.h">
      <Filter>Archivos de encabezado\ProgrammingPatterns\AbstractFactory</Filter>
    </ClInclude>
    <ClInclude Include="include\ProgrammingParentton\AbstractFactory\productoA1.h">
      <Filter>Archivos de encabezado\ProgrammingPatterns\AbstractFactory</Filter>
    </ClInclude>
    <ClInclude Include="include\ProgrammingParentton\AbstractFactory\ProductoB1.h">
      <Filter>Archivos de encabezado\ProgrammingPatterns\AbstractFactory</Filter>
    </ClInclude>
    <ClInclude Include="include\ProgrammingParentton\AbstractFactory\FabricaConcreta.h">
      <Filter>Archivos de encabezado\ProgrammingPatterns\AbstractFactory</Filter>
    </ClInclude>
    <ClInclude Include="include\ProgrammingParentton\AbstractFactory\Mueble.h">
      <Filter>Archivos de encabezado\ProgrammingPatterns\AbstractFactory</Filter>
    </ClInclude>
    <ClInclude Include="include\ProgrammingParentton\AbstractFactory\Silla.h">
      <Filter>Archivos de encabezado\ProgrammingPatterns\AbstractFactory</Filter>
    </ClInclude>
    <ClInclude Include="include\ProgrammingParentton\AbstractFactory\Mesa.h">
      <Filter>Archivos de encabezado\ProgrammingPatterns\AbstractFactory</Filter>
    </ClInclude>
    <ClInclude Include="include\ProgrammingParentton\AbstractFactory\FactoriaMuebles.h">
      <Filter>Archivos de encabezado\ProgrammingPatterns\AbstractFactory</Filter>
    </ClInclude>
    <ClInclude Include="include\ProgrammingParentton\AbstractFactory\FactorialMuRusticos.h">
      <Filter>Archivos de encabezado\ProgrammingPatterns\AbstractFactory</Filter>
    </ClInclude>
    <ClInclude Include="include\ProgrammingParentton\AbstractFactory\FactorialMuModernos.h">
      <Filter>Archivos de encabezado\ProgrammingPatterns\AbstractFactory</Filter>
    </ClInclude>
    <ClInclude Include="include\ProgrammingParentton\Builder\Producto.h">
      <Filter>Archivos de encabezado\ProgrammingPatterns\Builder</Filter>
    </ClInclude>
    <ClInclude Include="include\ProgrammingParentton\Builder\Builder.h">
      <Filter>Archivos de encabezado\ProgrammingPatterns\Builder</Filter>
    </ClInclude>
    <ClInclude Include="include\ProgrammingParentton\Builder\BuilderConcreto.h">
      <Filter>Archivos de encabezado\ProgrammingPatterns\Builder</Filter>
    </ClInclude>
    <ClInclude Include="include\ProgrammingParentton\Builder\Director.h">
      <Filter>Archivos de encabezado\ProgrammingPatterns\Builder</Filter>
    </ClInclude>
    <ClInclude Include="include\ProgrammingParentton\Builder\Pizza.h">
      <Filter>Archivos de encabezado\ProgrammingPatterns\Builder</Filter>
    </ClInclude>
    <ClInclude Include="include\ProgrammingParentton\Builder\ConstructorPizza.h">
      <Filter>Archivos de encabezado\ProgrammingPatterns\Builder</Filter>
    </ClInclude>
    <ClInclude Include="include\ProgrammingParentton\Builder\ConstructorPizzaHauwaiana.h">
      <Filter>Archivos de encabezado\ProgrammingPatterns\Builder</Filter>
    </ClInclude>
    <ClInclude Include="include\ProgrammingParentton\Builder\ConstructorPizzaVegetariana.h">
      <Filter>Archivos de encabezado\ProgrammingPatterns\Builder</Filter>
    </ClInclude>
    <ClInclude Include="include\ProgrammingParentton\Builder\DirectorPizza.h">
      <Filter>Archivos de encabezado\ProgrammingPatterns\Builder</Filter>
    </ClInclude>
    <ClInclude Include="include\ProgrammingParentton\Prototype\Prototype.h">
      <Filter>Archivos de encabezado\ProgrammingPatterns\Prototype</Filter>
    </ClInclude>
    <ClInclude Include="include\ProgrammingParentton\Prototype\PrototypeConcreto.h">
      <Filter>Archivos de encabezado\ProgrammingPatterns\Prototype</Filter>
    </ClInclude>
    <ClInclude Include="include\ProgrammingParentton\Prototype\Documento.h">
      <Filter>Archivos de encabezado\ProgrammingPatterns\Prototype</Filter>
    </ClInclude>
    <ClInclude Include="include\ProgrammingParentton\Prototype\DocumentoPrototype.h">
      <Filter>Archivos de encabezado\ProgrammingPatterns\Prototype</Filter>
    </ClInclude>
    <ClInclude Include="include\ProgrammingParentton\Prototype\DocumentoTexto.h">
      <Filter>Archivos de encabezado\ProgrammingPatterns\Prototype</Filter>
    </ClInclude>
    <ClInclude Include="include\ProgrammingParentton\Adapter\InterfazVieja.h">
      <Filter>Archivos de encabezado\ProgrammingPatterns\Adapter</Filter>
    </ClInclude>
    <ClInclude Include="include\ProgrammingParentton\Adapter\InterfazNueva.h">
      <Filter>Archivos de encabezado\ProgrammingPatterns\Adapter</Filter>
    </ClInclude>
    <ClInclude Include="include\ProgrammingParentton\Adapter\Adaptador.h">
      <Filter>Archivos de encabezado\ProgrammingPatterns\Adapter</Filter>
    </ClInclude>
    <ClInclude Include="include\ProgrammingParentton\Adapter\Circulo.h">
      <Filter>Archivos de encabezado\ProgrammingPatterns\Adapter</Filter>
    </ClInclude>
    <ClInclude Include="include\ProgrammingParentton\Adapter\InterfazDibujable.h">
      <Filter>Archivos de encabezado\ProgrammingPatterns\Adapter</Filter>
    </ClInclude>
    <ClInclude Include="include\ProgrammingParentton\Adapter\CirculoAdapter.h">
      <Filter>Archivos de encabezado\ProgrammingPatterns\Adapter</Filter>
    </ClInclude>
    <ClInclude Include="include\ProgrammingParentton\Adapter\CuadroAdapter.h">
      <Filter>Archivos de encabezado\ProgrammingPatterns\Adapter</Filter>
    </ClInclude>
    <ClInclude Include="include\ProgrammingParentton\Decorator\Componente.h">
      <Filter>Archivos de encabezado\ProgrammingPatterns\Decorator</Filter>
    </ClInclude>
    <ClInclude Include="include\ProgrammingParentton\Decorator\ComponenteConcreto.h">
      <Filter>Archivos de encabezado\ProgrammingPatterns\Decorator</Filter>
    </ClInclude>
    <ClInclude Include="include\ProgrammingParentton\Decorator\Decorator.h">
      <Filter>Archivos de encabezado\ProgrammingPatterns\Decorator</Filter>
    </ClInclude>
    <ClInclude Include="include\ProgrammingParentton\Decorator\DecoratorConcretoA.h">
      <Filter>Archivos de encabezado\ProgrammingPatterns\Decorator</Filter>
    </ClInclude>
    <ClInclude Include="include\ProgrammingParentton\Decorator\DecoratorConcretoB.h">
      <Filter>Archivos de encabezado\ProgrammingPatterns\Decorator</Filter>
    </ClInclude>
    <ClInclude Include="include\ProgrammingParentton\Decorator\Cafeteria.h">
      <Filter>Archivos de encabezado\ProgrammingPatterns\Decorator</Filter>
    </ClInclude>
    <ClInclude Include="include\ProgrammingParentton\Decorator\Condimento.h">
      <Filter>Archivos de encabezado\ProgrammingPatterns\Decorator</Filter>
    </ClInclude>
    <ClInclude Include="include\ProgrammingParentton\Composite\Hoja.h">
      <Filter>Archivos de encabezado\ProgrammingPatterns\Composite</Filter>
    </ClInclude>
    <ClInclude Include="include\ProgrammingParentton\Composite\Composite.h">
      <Filter>Archivos de encabezado\ProgrammingPatterns\Composite</Filter>
    </ClInclude>
    <ClInclude Include="include\ProgrammingParentton\Composite\Archivo.h">
      <Filter>Archivos de encabezado\ProgrammingPatterns\Composite</Filter>
    </ClInclude>
    <ClInclude Include="include\ProgrammingParentton\Composite\Sistema.h">
      <Filter>Archivos de encabezado\ProgrammingPatterns\Composite</Filter>
    </ClInclude>
    <ClInclude Include="include\ProgrammingParentton\Composite\SistemaArchivo.h">
      <Filter>Archivos de encabezado\ProgrammingPatterns\Composite</Filter>
    </ClInclude>
    <ClInclude Include="include\ProgrammingParentton\Composite\SistemaCarpeta.h">
      <Filter>Archivos de encabezado\ProgrammingPatterns\Composite</Filter>
    </ClInclude>
    <ClInclude Include="include\ProgrammingParentton\Composite\Carpeta.h">
      <Filter>Archivos de encabezado\ProgrammingPatterns\Composite</Filter>
    </ClInclude>
    <ClInclude Include="include\ProgrammingParentton\Proxy\Sujeto.h">
      <Filter>Archivos de encabezado\ProgrammingPatterns\Proxy</Filter>
    </ClInclude>
    <ClInclude Include="include\ProgrammingParentton\Proxy\SujetoReal.h">
      <Filter>Archivos de encabezado\ProgrammingPatterns\Proxy</Filter>
    </ClInclude>
    <ClInclude Include="include\ProgrammingParentton\Proxy\Proxy.h">
      <Filter>Archivos de encabezado\ProgrammingPatterns\Proxy</Filter>
    </ClInclude>
    <ClInclude Include="include\GameProgrammingParentton\Observer\Observer.h">
      <Filter>Archivos de encabezado\GameProgrammingParentton\Observer</Filter>
    </ClInclude>
    <ClInclude Include="include\GameProgrammingParentton\Observer\TemperatureSensor.h">
      <Filter>Archivos de encabezado\GameProgrammingParentton\Observer</Filter>
    </ClInclude>
    <ClInclude Include="include\GameProgrammingParentton\Observer\DisplayDevice.h">
      <Filter>Archivos de encabezado\GameProgrammingParentton\Observer</Filter>
    </ClInclude>
    <ClInclude Include="include\GameProgrammingParentton\Observer\MessageApp.h">
      <Filter>Archivos de encabezado\GameProgrammingParentton\Observer</Filter>
    </ClInclude>
    <ClInclude Include="include\GameProgrammingParentton\Observer\SoundNoification.h">
      <Filter>Archivos de encabezado\GameProgrammingParentton\Observer</Filter>
    </ClInclude>
  </ItemGroup>
</Project>